// !$*UTF8*$!
{
	archiveVersion = 1;
	classes = {
	};
	objectVersion = 77;
	objects = {

/* Begin PBXBuildFile section */
		100000000000000000000001 /* PreviewViewController.swift in Sources */ = {isa = PBXBuildFile; fileRef = 100000000000000000000011 /* PreviewViewController.swift */; };
		100000000000000000000002 /* MarkdownPrinterQuickLookSupport in Frameworks */ = {isa = PBXBuildFile; productRef = 100000000000000000000041 /* MarkdownPrinterQuickLookSupport */; };
/* End PBXBuildFile section */

/* Begin PBXFileReference section */
		100000000000000000000010 /* MarkdownPrinterQuickLook.appex */ = {isa = PBXFileReference; explicitFileType = "wrapper.app-extension"; includeInIndex = 0; path = MarkdownPrinterQuickLook.appex; sourceTree = BUILT_PRODUCTS_DIR; };
		100000000000000000000011 /* PreviewViewController.swift */ = {isa = PBXFileReference; lastKnownFileType = sourcecode.swift; path = PreviewViewController.swift; sourceTree = "<group>"; };
		100000000000000000000012 /* Info.plist */ = {isa = PBXFileReference; lastKnownFileType = text.plist.xml; path = Info.plist; sourceTree = "<group>"; };
		100000000000000000000013 /* MarkdownPrinterQuickLook.entitlements */ = {isa = PBXFileReference; lastKnownFileType = text.plist.entitlements; path = MarkdownPrinterQuickLook.entitlements; sourceTree = "<group>"; };
/* End PBXFileReference section */

/* Begin PBXFrameworksBuildPhase section */
		100000000000000000000021 /* Frameworks */ = {
			isa = PBXFrameworksBuildPhase;
			buildActionMask = 2147483647;
			files = (
				100000000000000000000002 /* MarkdownPrinterQuickLookSupport in Frameworks */,
			);
			runOnlyForDeploymentPostprocessing = 0;
		};
/* End PBXFrameworksBuildPhase section */

/* Begin PBXGroup section */
		100000000000000000000030 = {
			isa = PBXGroup;
			children = (
				100000000000000000000031 /* MarkdownPrinterQuickLook */,
				100000000000000000000032 /* Products */,
			);
			sourceTree = "<group>";
		};
		100000000000000000000031 /* MarkdownPrinterQuickLook */ = {
			isa = PBXGroup;
			children = (
				100000000000000000000011 /* PreviewViewController.swift */,
				100000000000000000000012 /* Info.plist */,
				100000000000000000000013 /* MarkdownPrinterQuickLook.entitlements */,
			);
			path = MarkdownPrinterQuickLook;
			sourceTree = "<group>";
		};
		100000000000000000000032 /* Products */ = {
			isa = PBXGroup;
			children = (
				100000000000000000000010 /* MarkdownPrinterQuickLook.appex */,
			);
			name = Products;
			sourceTree = "<group>";
		};
/* End PBXGroup section */

/* Begin PBXNativeTarget section */
		100000000000000000000050 /* MarkdownPrinterQuickLook */ = {
			isa = PBXNativeTarget;
			buildConfigurationList = 100000000000000000000061 /* Build configuration list for PBXNativeTarget "MarkdownPrinterQuickLook" */;
			buildPhases = (
				100000000000000000000020 /* Sources */,
				100000000000000000000021 /* Frameworks */,
				100000000000000000000022 /* Resources */,
			);
			buildRules = (
			);
			dependencies = (
			);
			name = MarkdownPrinterQuickLook;
			packageProductDependencies = (
				100000000000000000000041 /* MarkdownPrinterQuickLookSupport */,
			);
			productName = MarkdownPrinterQuickLook;
			productReference = 100000000000000000000010 /* MarkdownPrinterQuickLook.appex */;
			productType = "com.apple.product-type.app-extension";
		};
/* End PBXNativeTarget section */

/* Begin PBXProject section */
		100000000000000000000040 /* Project object */ = {
			isa = PBXProject;
			attributes = {
				BuildIndependentTargetsInParallel = 1;
				LastSwiftUpdateCheck = 2660;
				LastUpgradeCheck = 2660;
				TargetAttributes = {
					100000000000000000000050 = {
						CreatedOnToolsVersion = 26.6;
					};
				};
			};
			buildConfigurationList = 100000000000000000000060 /* Build configuration list for PBXProject "MarkdownPrinterQuickLook" */;
			developmentRegion = en;
			hasScannedForEncodings = 0;
			knownRegions = (
				en,
				Base,
			);
			mainGroup = 100000000000000000000030;
			minimizedProjectReferenceProxies = 1;
			packageReferences = (
				100000000000000000000042 /* XCLocalSwiftPackageReference ".." */,
			);
			preferredProjectObjectVersion = 77;
			productRefGroup = 100000000000000000000032 /* Products */;
			projectDirPath = "";
			projectRoot = "";
			targets = (
				100000000000000000000050 /* MarkdownPrinterQuickLook */,
			);
		};
/* End PBXProject section */

/* Begin PBXResourcesBuildPhase section */
		100000000000000000000022 /* Resources */ = {
			isa = PBXResourcesBuildPhase;
			buildActionMask = 2147483647;
			files = (
			);
			runOnlyForDeploymentPostprocessing = 0;
		};
/* End PBXResourcesBuildPhase section */

/* Begin PBXSourcesBuildPhase section */
		100000000000000000000020 /* Sources */ = {
			isa = PBXSourcesBuildPhase;
			buildActionMask = 2147483647;
			files = (
				100000000000000000000001 /* PreviewViewController.swift in Sources */,
			);
			runOnlyForDeploymentPostprocessing = 0;
		};
/* End PBXSourcesBuildPhase section */

/* Begin XCBuildConfiguration section */
		100000000000000000000070 /* Debug */ = {
			isa = XCBuildConfiguration;
			buildSettings = {
				CLANG_ENABLE_MODULES = YES;
				MACOSX_DEPLOYMENT_TARGET = 14.0;
				SDKROOT = macosx;
				SWIFT_VERSION = 5.0;
			};
			name = Debug;
		};
		100000000000000000000071 /* Release */ = {
			isa = XCBuildConfiguration;
			buildSettings = {
				CLANG_ENABLE_MODULES = YES;
				MACOSX_DEPLOYMENT_TARGET = 14.0;
				SDKROOT = macosx;
				SWIFT_COMPILATION_MODE = wholemodule;
				SWIFT_OPTIMIZATION_LEVEL = "-O";
				SWIFT_VERSION = 5.0;
			};
			name = Release;
		};
		100000000000000000000072 /* Debug */ = {
			isa = XCBuildConfiguration;
			buildSettings = {
				APPLICATION_EXTENSION_API_ONLY = YES;
				CODE_SIGN_ENTITLEMENTS = MarkdownPrinterQuickLook/MarkdownPrinterQuickLook.entitlements;
				CODE_SIGN_STYLE = Manual;
				COMBINE_HIDPI_IMAGES = YES;
				CURRENT_PROJECT_VERSION = 8;
				DEAD_CODE_STRIPPING = YES;
				ENABLE_APP_SANDBOX = YES;
				ENABLE_HARDENED_RUNTIME = YES;
				ENABLE_USER_SELECTED_FILES = readonly;
				GENERATE_INFOPLIST_FILE = NO;
				INFOPLIST_FILE = MarkdownPrinterQuickLook/Info.plist;
				LD_RUNPATH_SEARCH_PATHS = "$(inherited) @executable_path/../Frameworks @executable_path/../../../../Frameworks";
				MACOSX_DEPLOYMENT_TARGET = 14.0;
				MARKETING_VERSION = 1.3.0;
				PRODUCT_BUNDLE_IDENTIFIER = "com.peteedstrom.markdown-printer.quicklook";
				PRODUCT_NAME = "$(TARGET_NAME)";
				SKIP_INSTALL = YES;
				SWIFT_VERSION = 5.0;
			};
			name = Debug;
		};
		100000000000000000000073 /* Release */ = {
			isa = XCBuildConfiguration;
			buildSettings = {
				APPLICATION_EXTENSION_API_ONLY = YES;
				CODE_SIGN_ENTITLEMENTS = MarkdownPrinterQuickLook/MarkdownPrinterQuickLook.entitlements;
				CODE_SIGN_STYLE = Manual;
				COMBINE_HIDPI_IMAGES = YES;
				CURRENT_PROJECT_VERSION = 8;
				DEAD_CODE_STRIPPING = YES;
				ENABLE_APP_SANDBOX = YES;
				ENABLE_HARDENED_RUNTIME = YES;
				ENABLE_USER_SELECTED_FILES = readonly;
				GENERATE_INFOPLIST_FILE = NO;
				INFOPLIST_FILE = MarkdownPrinterQuickLook/Info.plist;
				LD_RUNPATH_SEARCH_PATHS = "$(inherited) @executable_path/../Frameworks @executable_path/../../../../Frameworks";
				MACOSX_DEPLOYMENT_TARGET = 14.0;
				MARKETING_VERSION = 1.3.0;
				PRODUCT_BUNDLE_IDENTIFIER = "com.peteedstrom.markdown-printer.quicklook";
				PRODUCT_NAME = "$(TARGET_NAME)";
				SKIP_INSTALL = YES;
				SWIFT_VERSION = 5.0;
			};
			name = Release;
		};
/* End XCBuildConfiguration section */

/* Begin XCConfigurationList section */
		100000000000000000000060 /* Build configuration list for PBXProject "MarkdownPrinterQuickLook" */ = {
			isa = XCConfigurationList;
			buildConfigurations = (
				100000000000000000000070 /* Debug */,
				100000000000000000000071 /* Release */,
			);
			defaultConfigurationIsVisible = 0;
			defaultConfigurationName = Release;
		};
		100000000000000000000061 /* Build configuration list for PBXNativeTarget "MarkdownPrinterQuickLook" */ = {
			isa = XCConfigurationList;
			buildConfigurations = (
				100000000000000000000072 /* Debug */,
				100000000000000000000073 /* Release */,
			);
			defaultConfigurationIsVisible = 0;
			defaultConfigurationName = Release;
		};
/* End XCConfigurationList section */

/* Begin XCLocalSwiftPackageReference section */
		100000000000000000000042 /* XCLocalSwiftPackageReference ".." */ = {
			isa = XCLocalSwiftPackageReference;
			relativePath = ..;
		};
/* End XCLocalSwiftPackageReference section */

/* Begin XCSwiftPackageProductDependency section */
		100000000000000000000041 /* MarkdownPrinterQuickLookSupport */ = {
			isa = XCSwiftPackageProductDependency;
			package = 100000000000000000000042 /* XCLocalSwiftPackageReference ".." */;
			productName = MarkdownPrinterQuickLookSupport;
		};
/* End XCSwiftPackageProductDependency section */
	};
	rootObject = 100000000000000000000040 /* Project object */;
}
